
Microsoft Visual Studio Solution File, Format Version 12.00
# Visual Studio 15
VisualStudioVersion = 15.0.27004.2002
MinimumVisualStudioVersion = 10.0.40219.1
Project("{FAE04EC0-301F-11D3-BF4B-00C04F79EFBC}") = "pieventsnovo", "pieventsnovo\pieventsnovo.csproj", "{D22E70B6-9923-4848-A506-BE79232CCF39}"
EndProject
Global
	GlobalSection(SolutionConfigurationPlatforms) = preSolution
		Debug|Any CPU = Debug|Any CPU
		Release|Any CPU = Release|Any CPU
	EndGlobalSection
	GlobalSection(ProjectConfigurationPlatforms) = postSolution
		{D22E70B6-9923-4848-A506-BE79232CCF39}.Debug|Any CPU.ActiveCfg = Debug|Any CPU
		{D22E70B6-9923-4848-A506-BE79232CCF39}.Debug|Any CPU.Build.0 = Debug|Any CPU
		{D22E70B6-9923-4848-A506-BE79232CCF39}.Release|Any CPU.ActiveCfg = Release|Any CPU
		{D22E70B6-9923-4848-A506-BE79232CCF39}.Release|Any CPU.Build.0 = Release|Any CPU
	EndGlobalSection
	GlobalSection(SolutionProperties) = preSolution
		HideSolutionNode = FALSE
	EndGlobalSection
	GlobalSection(ExtensibilityGlobals) = postSolution
		SolutionGuid = {DEA98197-7133-4833-8693-41D347D5DC87}
	EndGlobalSection
EndGlobal
